{
  "name": "customers_wasm",
  "version": "0.0.1",
  "lockfileVersion": 2,
  "requires": true,
  "packages": {
    "": {
      "version": "0.0.1",
      "license": "ISC",
      "dependencies": {
        "@wapc/as-guest": "^v0.2.1",
        "@wapc/as-msgpack": "^0.1.13"
      },
      "devDependencies": {
        "assemblyscript": "^0.19.8"
      }
    },
    "node_modules/@wapc/as-guest": {
      "version": "0.2.1",
      "resolved": "https://registry.npmjs.org/@wapc/as-guest/-/as-guest-0.2.1.tgz",
      "integrity": "sha512-67qrVC5MflfdTuXCG4P5mysifGgIt+AshBX5ZC1uRWYsBpsxQzP1WP9w/4vWJtTyTXUomvL9unmKJq+dLwqfNw=="
    },
    "node_modules/@wapc/as-msgpack": {
      "version": "0.1.13",
      "resolved": "https://registry.npmjs.org/@wapc/as-msgpack/-/as-msgpack-0.1.13.tgz",
      "integrity": "sha512-DXiqHo1kJa6BNXT1W9vERDxrE7DOEMN5J2Hbj0jPNHm0b4G9UWkJvpyeR3f4tddPXjbEGe0RVyGC7tGH91K2wA=="
    },
    "node_modules/assemblyscript": {
      "version": "0.19.8",
      "resolved": "https://registry.npmjs.org/assemblyscript/-/assemblyscript-0.19.8.tgz",
      "integrity": "sha512-lXJHNbp9mQV8pG+l7SPBSeeLNvXbqD5l0AkJTj1xX0FMaU2QqlelIziZB7pXzgC1OQZEPXYAKKSDHWmg69ieGQ==",
      "dev": true,
      "dependencies": {
        "binaryen": "101.0.0-nightly.20210723",
        "long": "^4.0.0"
      },
      "bin": {
        "asc": "bin/asc",
        "asinit": "bin/asinit"
      },
      "funding": {
        "type": "opencollective",
        "url": "https://opencollective.com/assemblyscript"
      }
    },
    "node_modules/binaryen": {
      "version": "101.0.0-nightly.20210723",
      "resolved": "https://registry.npmjs.org/binaryen/-/binaryen-101.0.0-nightly.20210723.tgz",
      "integrity": "sha512-eioJNqhHlkguVSbblHOtLqlhtC882SOEPKmNFZaDuz1hzQjolxZ+eu3/kaS10n3sGPONsIZsO7R9fR00UyhEUA==",
      "dev": true,
      "bin": {
        "wasm-opt": "bin/wasm-opt"
      }
    },
    "node_modules/long": {
      "version": "4.0.0",
      "resolved": "https://registry.npmjs.org/long/-/long-4.0.0.tgz",
      "integrity": "sha512-XsP+KhQif4bjX1kbuSiySJFNAehNxgLb6hPRGJ9QsUr8ajHkuXGdrHmFUTUUXhDwVX2R5bY4JNZEwbUiMhV+MA==",
      "dev": true
    }
  },
  "dependencies": {
    "@wapc/as-guest": {
      "version": "0.2.1",
      "resolved": "https://registry.npmjs.org/@wapc/as-guest/-/as-guest-0.2.1.tgz",
      "integrity": "sha512-67qrVC5MflfdTuXCG4P5mysifGgIt+AshBX5ZC1uRWYsBpsxQzP1WP9w/4vWJtTyTXUomvL9unmKJq+dLwqfNw=="
    },
    "@wapc/as-msgpack": {
      "version": "0.1.13",
      "resolved": "https://registry.npmjs.org/@wapc/as-msgpack/-/as-msgpack-0.1.13.tgz",
      "integrity": "sha512-DXiqHo1kJa6BNXT1W9vERDxrE7DOEMN5J2Hbj0jPNHm0b4G9UWkJvpyeR3f4tddPXjbEGe0RVyGC7tGH91K2wA=="
    },
    "assemblyscript": {
      "version": "0.19.8",
      "resolved": "https://registry.npmjs.org/assemblyscript/-/assemblyscript-0.19.8.tgz",
      "integrity": "sha512-lXJHNbp9mQV8pG+l7SPBSeeLNvXbqD5l0AkJTj1xX0FMaU2QqlelIziZB7pXzgC1OQZEPXYAKKSDHWmg69ieGQ==",
      "dev": true,
      "requires": {
        "binaryen": "101.0.0-nightly.20210723",
        "long": "^4.0.0"
      }
    },
    "binaryen": {
      "version": "101.0.0-nightly.20210723",
      "resolved": "https://registry.npmjs.org/binaryen/-/binaryen-101.0.0-nightly.20210723.tgz",
      "integrity": "sha512-eioJNqhHlkguVSbblHOtLqlhtC882SOEPKmNFZaDuz1hzQjolxZ+eu3/kaS10n3sGPONsIZsO7R9fR00UyhEUA==",
      "dev": true
    },
    "long": {
      "version": "4.0.0",
      "resolved": "https://registry.npmjs.org/long/-/long-4.0.0.tgz",
      "integrity": "sha512-XsP+KhQif4bjX1kbuSiySJFNAehNxgLb6hPRGJ9QsUr8ajHkuXGdrHmFUTUUXhDwVX2R5bY4JNZEwbUiMhV+MA==",
      "dev": true
    }
  }
}
